// !$*UTF8*$!
{
	archiveVersion = 1;
	classes = {
	};
	objectVersion = 46;
	objects = {

/* Begin PBXBuildFile section */
		84EE26051F0F5FED00017156 /* AppDelegate.swift in Sources */ = {isa = PBXBuildFile; fileRef = 84EE26041F0F5FED00017156 /* AppDelegate.swift */; };
		84EE26071F0F5FED00017156 /* ViewController.swift in Sources */ = {isa = PBXBuildFile; fileRef = 84EE26061F0F5FED00017156 /* ViewController.swift */; };
		84EE260A1F0F5FED00017156 /* Main.storyboard in Resources */ = {isa = PBXBuildFile; fileRef = 84EE26081F0F5FED00017156 /* Main.storyboard */; };
		84EE260C1F0F5FED00017156 /* Assets.xcassets in Resources */ = {isa = PBXBuildFile; fileRef = 84EE260B1F0F5FED00017156 /* Assets.xcassets */; };
		84EE260F1F0F5FED00017156 /* LaunchScreen.storyboard in Resources */ = {isa = PBXBuildFile; fileRef = 84EE260D1F0F5FED00017156 /* LaunchScreen.storyboard */; };
/* End PBXBuildFile section */

/* Begin PBXFileReference section */
		84EE26011F0F5FED00017156 /* EShop.app */ = {isa = PBXFileReference; explicitFileType = wrapper.application; includeInIndex = 0; path = EShop.app; sourceTree = BUILT_PRODUCTS_DIR; };
		84EE26041F0F5FED00017156 /* AppDelegate.swift */ = {isa = PBXFileReference; lastKnownFileType = sourcecode.swift; path = AppDelegate.swift; sourceTree = "<group>"; };
		84EE26061F0F5FED00017156 /* ViewController.swift */ = {isa = PBXFileReference; lastKnownFileType = sourcecode.swift; path = ViewController.swift; sourceTree = "<group>"; };
		84EE26091F0F5FED00017156 /* Base */ = {isa = PBXFileReference; lastKnownFileType = file.storyboard; name = Base; path = Base.lproj/Main.storyboard; sourceTree = "<group>"; };
		84EE260B1F0F5FED00017156 /* Assets.xcassets */ = {isa = PBXFileReference; lastKnownFileType = folder.assetcatalog; path = Assets.xcassets; sourceTree = "<group>"; };
		84EE260E1F0F5FED00017156 /* Base */ = {isa = PBXFileReference; lastKnownFileType = file.storyboard; name = Base; path = Base.lproj/LaunchScreen.storyboard; sourceTree = "<group>"; };
		84EE26101F0F5FED00017156 /* Info.plist */ = {isa = PBXFileReference; lastKnownFileType = text.plist.xml; path = Info.plist; sourceTree = "<group>"; };
/* End PBXFileReference section */

/* Begin PBXFrameworksBuildPhase section */
		84EE25FE1F0F5FED00017156 /* Frameworks */ = {
			isa = PBXFrameworksBuildPhase;
			buildActionMask = 2147483647;
			files = (
			);
			runOnlyForDeploymentPostprocessing = 0;
		};
/* End PBXFrameworksBuildPhase section */

/* Begin PBXGroup section */
		84EE25F81F0F5FED00017156 = {
			isa = PBXGroup;
			children = (
				84EE26031F0F5FED00017156 /* EShop */,
				84EE26021F0F5FED00017156 /* Products */,
			);
			sourceTree = "<group>";
		};
		84EE26021F0F5FED00017156 /* Products */ = {
			isa = PBXGroup;
			children = (
				84EE26011F0F5FED00017156 /* EShop.app */,
			);
			name = Products;
			sourceTree = "<group>";
		};
		84EE26031F0F5FED00017156 /* EShop */ = {
			isa = PBXGroup;
			children = (
				84EE26041F0F5FED00017156 /* AppDelegate.swift */,
				84EE26061F0F5FED00017156 /* ViewController.swift */,
				84EE26081F0F5FED00017156 /* Main.storyboard */,
				84EE260B1F0F5FED00017156 /* Assets.xcassets */,
				84EE260D1F0F5FED00017156 /* LaunchScreen.storyboard */,
				84EE26101F0F5FED00017156 /* Info.plist */,
			);
			path = EShop;
			sourceTree = "<group>";
		};
/* End PBXGroup section */

/* Begin PBXNativeTarget section */
		84EE26001F0F5FED00017156 /* EShop */ = {
			isa = PBXNativeTarget;
			buildConfigurationList = 84EE26131F0F5FED00017156 /* Build configuration list for PBXNativeTarget "EShop" */;
			buildPhases = (
				84EE25FD1F0F5FED00017156 /* Sources */,
				84EE25FE1F0F5FED00017156 /* Frameworks */,
				84EE25FF1F0F5FED00017156 /* Resources */,
			);
			buildRules = (
			);
			dependencies = (
			);
			name = EShop;
			productName = EShop;
			productReference = 84EE26011F0F5FED00017156 /* EShop.app */;
			productType = "com.apple.product-type.application";
		};
/* End PBXNativeTarget section */

/* Begin PBXProject section */
		84EE25F91F0F5FED00017156 /* Project object */ = {
			isa = PBXProject;
			attributes = {
				LastSwiftUpdateCheck = 0820;
				LastUpgradeCheck = 0820;
				ORGANIZATIONNAME = Admin;
				TargetAttributes = {
					84EE26001F0F5FED00017156 = {
						CreatedOnToolsVersion = 8.2.1;
						ProvisioningStyle = Automatic;
					};
				};
			};
			buildConfigurationList = 84EE25FC1F0F5FED00017156 /* Build configuration list for PBXProject "EShop" */;
			compatibilityVersion = "Xcode 3.2";
			developmentRegion = English;
			hasScannedForEncodings = 0;
			knownRegions = (
				en,
				Base,
			);
			mainGroup = 84EE25F81F0F5FED00017156;
			productRefGroup = 84EE26021F0F5FED00017156 /* Products */;
			projectDirPath = "";
			projectRoot = "";
			targets = (
				84EE26001F0F5FED00017156 /* EShop */,
			);
		};
/* End PBXProject section */

/* Begin PBXResourcesBuildPhase section */
		84EE25FF1F0F5FED00017156 /* Resources */ = {
			isa = PBXResourcesBuildPhase;
			buildActionMask = 2147483647;
			files = (
				84EE260F1F0F5FED00017156 /* LaunchScreen.storyboard in Resources */,
				84EE260C1F0F5FED00017156 /* Assets.xcassets in Resources */,
				84EE260A1F0F5FED00017156 /* Main.storyboard in Resources */,
			);
			runOnlyForDeploymentPostprocessing = 0;
		};
/* End PBXResourcesBuildPhase section */

/* Begin PBXSourcesBuildPhase section */
		84EE25FD1F0F5FED00017156 /* Sources */ = {
			isa = PBXSourcesBuildPhase;
			buildActionMask = 2147483647;
			files = (
				84EE26071F0F5FED00017156 /* ViewController.swift in Sources */,
				84EE26051F0F5FED00017156 /* AppDelegate.swift in Sources */,
			);
			runOnlyForDeploymentPostprocessing = 0;
		};
/* End PBXSourcesBuildPhase section */

/* Begin PBXVariantGroup section */
		84EE26081F0F5FED00017156 /* Main.storyboard */ = {
			isa = PBXVariantGroup;
			children = (
				84EE26091F0F5FED00017156 /* Base */,
			);
			name = Main.storyboard;
			sourceTree = "<group>";
		};
		84EE260D1F0F5FED00017156 /* LaunchScreen.storyboard */ = {
			isa = PBXVariantGroup;
			children = (
				84EE260E1F0F5FED00017156 /* Base */,
			);
			name = LaunchScreen.storyboard;
			sourceTree = "<group>";
		};
/* End PBXVariantGroup section */

/* Begin XCBuildConfiguration section */
		84EE26111F0F5FED00017156 /* Debug */ = {
			isa = XCBuildConfiguration;
			buildSettings = {
				ALWAYS_SEARCH_USER_PATHS = NO;
				CLANG_ANALYZER_NONNULL = YES;
				CLANG_CXX_LANGUAGE_STANDARD = "gnu++0x";
				CLANG_CXX_LIBRARY = "libc++";
				CLANG_ENABLE_MODULES = YES;
				CLANG_ENABLE_OBJC_ARC = YES;
				CLANG_WARN_BOOL_CONVERSION = YES;
				CLANG_WARN_CONSTANT_CONVERSION = YES;
				CLANG_WARN_DIRECT_OBJC_ISA_USAGE = YES_ERROR;
				CLANG_WARN_DOCUMENTATION_COMMENTS = YES;
				CLANG_WARN_EMPTY_BODY = YES;
				CLANG_WARN_ENUM_CONVERSION = YES;
				CLANG_WARN_INFINITE_RECURSION = YES;
				CLANG_WARN_INT_CONVERSION = YES;
				CLANG_WARN_OBJC_ROOT_CLASS = YES_ERROR;
				CLANG_WARN_SUSPICIOUS_MOVE = YES;
				CLANG_WARN_UNREACHABLE_CODE = YES;
				CLANG_WARN__DUPLICATE_METHOD_MATCH = YES;
				"CODE_SIGN_IDENTITY[sdk=iphoneos*]" = "iPhone Developer";
				COPY_PHASE_STRIP = NO;
				DEBUG_INFORMATION_FORMAT = dwarf;
				ENABLE_STRICT_OBJC_MSGSEND = YES;
				ENABLE_TESTABILITY = YES;
				GCC_C_LANGUAGE_STANDARD = gnu99;
				GCC_DYNAMIC_NO_PIC = NO;
				GCC_NO_COMMON_BLOCKS = YES;
				GCC_OPTIMIZATION_LEVEL = 0;
				GCC_PREPROCESSOR_DEFINITIONS = (
					"DEBUG=1",
					"$(inherited)",
				);
				GCC_WARN_64_TO_32_BIT_CONVERSION = YES;
				GCC_WARN_ABOUT_RETURN_TYPE = YES_ERROR;
				GCC_WARN_UNDECLARED_SELECTOR = YES;
				GCC_WARN_UNINITIALIZED_AUTOS = YES_AGGRESSIVE;
				GCC_WARN_UNUSED_FUNCTION = YES;
				GCC_WARN_UNUSED_VARIABLE = YES;
				IPHONEOS_DEPLOYMENT_TARGET = 10.2;
				MTL_ENABLE_DEBUG_INFO = YES;
				ONLY_ACTIVE_ARCH = YES;
				SDKROOT = iphoneos;
				SWIFT_ACTIVE_COMPILATION_CONDITIONS = DEBUG;
				SWIFT_OPTIMIZATION_LEVEL = "-Onone";
			};
			name = Debug;
		};
		84EE26121F0F5FED00017156 /* Release */ = {
			isa = XCBuildConfiguration;
			buildSettings = {
				ALWAYS_SEARCH_USER_PATHS = NO;
				CLANG_ANALYZER_NONNULL = YES;
				CLANG_CXX_LANGUAGE_STANDARD = "gnu++0x";
				CLANG_CXX_LIBRARY = "libc++";
				CLANG_ENABLE_MODULES = YES;
				CLANG_ENABLE_OBJC_ARC = YES;
				CLANG_WARN_BOOL_CONVERSION = YES;
				CLANG_WARN_CONSTANT_CONVERSION = YES;
				CLANG_WARN_DIRECT_OBJC_ISA_USAGE = YES_ERROR;
				CLANG_WARN_DOCUMENTATION_COMMENTS = YES;
				CLANG_WARN_EMPTY_BODY = YES;
				CLANG_WARN_ENUM_CONVERSION = YES;
				CLANG_WARN_INFINITE_RECURSION = YES;
				CLANG_WARN_INT_CONVERSION = YES;
				CLANG_WARN_OBJC_ROOT_CLASS = YES_ERROR;
				CLANG_WARN_SUSPICIOUS_MOVE = YES;
				CLANG_WARN_UNREACHABLE_CODE = YES;
				CLANG_WARN__DUPLICATE_METHOD_MATCH = YES;
				"CODE_SIGN_IDENTITY[sdk=iphoneos*]" = "iPhone Developer";
				COPY_PHASE_STRIP = NO;
				DEBUG_INFORMATION_FORMAT = "dwarf-with-dsym";
				ENABLE_NS_ASSERTIONS = NO;
				ENABLE_STRICT_OBJC_MSGSEND = YES;
				GCC_C_LANGUAGE_STANDARD = gnu99;
				GCC_NO_COMMON_BLOCKS = YES;
				GCC_WARN_64_TO_32_BIT_CONVERSION = YES;
				GCC_WARN_ABOUT_RETURN_TYPE = YES_ERROR;
				GCC_WARN_UNDECLARED_SELECTOR = YES;
				GCC_WARN_UNINITIALIZED_AUTOS = YES_AGGRESSIVE;
				GCC_WARN_UNUSED_FUNCTION = YES;
				GCC_WARN_UNUSED_VARIABLE = YES;
				IPHONEOS_DEPLOYMENT_TARGET = 10.2;
				MTL_ENABLE_DEBUG_INFO = NO;
				SDKROOT = iphoneos;
				SWIFT_OPTIMIZATION_LEVEL = "-Owholemodule";
				VALIDATE_PRODUCT = YES;
			};
			name = Release;
		};
		84EE26141F0F5FED00017156 /* Debug */ = {
			isa = XCBuildConfiguration;
			buildSettings = {
				ASSETCATALOG_COMPILER_APPICON_NAME = AppIcon;
				INFOPLIST_FILE = EShop/Info.plist;
				LD_RUNPATH_SEARCH_PATHS = "$(inherited) @executable_path/Frameworks";
				PRODUCT_BUNDLE_IDENTIFIER = azmar.EShop;
				PRODUCT_NAME = "$(TARGET_NAME)";
				SWIFT_VERSION = 3.0;
			};
			name = Debug;
		};
		84EE26151F0F5FED00017156 /* Release */ = {
			isa = XCBuildConfiguration;
			buildSettings = {
				ASSETCATALOG_COMPILER_APPICON_NAME = AppIcon;
				INFOPLIST_FILE = EShop/Info.plist;
				LD_RUNPATH_SEARCH_PATHS = "$(inherited) @executable_path/Frameworks";
				PRODUCT_BUNDLE_IDENTIFIER = azmar.EShop;
				PRODUCT_NAME = "$(TARGET_NAME)";
				SWIFT_VERSION = 3.0;
			};
			name = Release;
		};
/* End XCBuildConfiguration section */

/* Begin XCConfigurationList section */
		84EE25FC1F0F5FED00017156 /* Build configuration list for PBXProject "EShop" */ = {
			isa = XCConfigurationList;
			buildConfigurations = (
				84EE26111F0F5FED00017156 /* Debug */,
				84EE26121F0F5FED00017156 /* Release */,
			);
			defaultConfigurationIsVisible = 0;
			defaultConfigurationName = Release;
		};
		84EE26131F0F5FED00017156 /* Build configuration list for PBXNativeTarget "EShop" */ = {
			isa = XCConfigurationList;
			buildConfigurations = (
				84EE26141F0F5FED00017156 /* Debug */,
				84EE26151F0F5FED00017156 /* Release */,
			);
			defaultConfigurationIsVisible = 0;
		};
/* End XCConfigurationList section */
	};
	rootObject = 84EE25F91F0F5FED00017156 /* Project object */;
}
